
Microsoft Visual Studio Solution File, Format Version 12.00
# Visual Studio Version 17
VisualStudioVersion = 17.11.35208.52
MinimumVisualStudioVersion = 10.0.40219.1
Project("{FAE04EC0-301F-11D3-BF4B-00C04F79EFBC}") = "starship_fmf_calc_csharp", "starship_fmf_calc_csharp\starship_fmf_calc_csharp.csproj", "{B0236645-E3DE-4A83-8052-04E6D4B474D2}"
EndProject
Global
	GlobalSection(SolutionConfigurationPlatforms) = preSolution
		Debug|Any CPU = Debug|Any CPU
		Release|Any CPU = Release|Any CPU
	EndGlobalSection
	GlobalSection(ProjectConfigurationPlatforms) = postSolution
		{B0236645-E3DE-4A83-8052-04E6D4B474D2}.Debug|Any CPU.ActiveCfg = Debug|Any CPU
		{B0236645-E3DE-4A83-8052-04E6D4B474D2}.Debug|Any CPU.Build.0 = Debug|Any CPU
		{B0236645-E3DE-4A83-8052-04E6D4B474D2}.Release|Any CPU.ActiveCfg = Release|Any CPU
		{B0236645-E3DE-4A83-8052-04E6D4B474D2}.Release|Any CPU.Build.0 = Release|Any CPU
	EndGlobalSection
	GlobalSection(SolutionProperties) = preSolution
		HideSolutionNode = FALSE
	EndGlobalSection
	GlobalSection(ExtensibilityGlobals) = postSolution
		SolutionGuid = {811288B7-5342-491A-A31D-C6E6754D8A64}
	EndGlobalSection
EndGlobal
